# This file is automatically @generated by Cargo.
# It is not intended for manual editing.
version = 4

[[package]]
name = "verificationforge-adapter-c-family"
version = "0.1.0"
dependencies = [
 "verificationforge-core",
]

[[package]]
name = "verificationforge-adapter-fallback"
version = "0.1.0"
dependencies = [
 "verificationforge-core",
]

[[package]]
name = "verificationforge-adapter-go"
version = "0.1.0"
dependencies = [
 "verificationforge-core",
]

[[package]]
name = "verificationforge-adapter-js-family"
version = "0.1.0"
dependencies = [
 "verificationforge-core",
]

[[package]]
name = "verificationforge-adapter-jvm-family"
version = "0.1.0"
dependencies = [
 "verificationforge-core",
]

[[package]]
name = "verificationforge-adapter-python"
version = "0.1.0"
dependencies = [
 "verificationforge-core",
]

[[package]]
name = "verificationforge-adapter-rust"
version = "0.1.0"
dependencies = [
 "verificationforge-core",
]

[[package]]
name = "verificationforge-cli"
version = "0.1.0"
dependencies = [
 "verificationforge-adapter-c-family",
 "verificationforge-adapter-fallback",
 "verificationforge-adapter-go",
 "verificationforge-adapter-js-family",
 "verificationforge-adapter-jvm-family",
 "verificationforge-adapter-python",
 "verificationforge-adapter-rust",
 "verificationforge-core",
 "verificationforge-runtime",
]

[[package]]
name = "verificationforge-core"
version = "0.1.0"

[[package]]
name = "verificationforge-runtime"
version = "0.1.0"
dependencies = [
 "verificationforge-core",
]
